
Microsoft Visual Studio Solution File, Format Version 12.00
# Visual Studio Version 17
VisualStudioVersion = 17.11.35312.102
MinimumVisualStudioVersion = 10.0.40219.1
Project("{8BC9CEB8-8B4A-11D0-8D11-00A0C91BC942}") = "CountingMethod", "CountingMethod\CountingMethod.vcxproj", "{5FCA0154-25F4-4C28-8CCF-5B9089D56F1E}"
EndProject
Global
	GlobalSection(SolutionConfigurationPlatforms) = preSolution
		Debug|x64 = Debug|x64
		Debug|x86 = Debug|x86
		Release|x64 = Release|x64
		Release|x86 = Release|x86
	EndGlobalSection
	GlobalSection(ProjectConfigurationPlatforms) = postSolution
		{5FCA0154-25F4-4C28-8CCF-5B9089D56F1E}.Debug|x64.ActiveCfg = Debug|x64
		{5FCA0154-25F4-4C28-8CCF-5B9089D56F1E}.Debug|x64.Build.0 = Debug|x64
		{5FCA0154-25F4-4C28-8CCF-5B9089D56F1E}.Debug|x86.ActiveCfg = Debug|Win32
		{5FCA0154-25F4-4C28-8CCF-5B9089D56F1E}.Debug|x86.Build.0 = Debug|Win32
		{5FCA0154-25F4-4C28-8CCF-5B9089D56F1E}.Release|x64.ActiveCfg = Release|x64
		{5FCA0154-25F4-4C28-8CCF-5B9089D56F1E}.Release|x64.Build.0 = Release|x64
		{5FCA0154-25F4-4C28-8CCF-5B9089D56F1E}.Release|x86.ActiveCfg = Release|Win32
		{5FCA0154-25F4-4C28-8CCF-5B9089D56F1E}.Release|x86.Build.0 = Release|Win32
	EndGlobalSection
	GlobalSection(SolutionProperties) = preSolution
		HideSolutionNode = FALSE
	EndGlobalSection
	GlobalSection(ExtensibilityGlobals) = postSolution
		SolutionGuid = {D8A5A06A-D663-43EC-B048-10A42862E65D}
	EndGlobalSection
EndGlobal
